
Microsoft Visual Studio Solution File, Format Version 12.00
# Visual Studio Version 16
VisualStudioVersion = 16.0.29209.62
MinimumVisualStudioVersion = 10.0.40219.1
Project("{FAE04EC0-301F-11D3-BF4B-00C04F79EFBC}") = "FontToGeometry", "FontToGeometry\FontToGeometry.csproj", "{7950E13B-F1B2-44E3-ACFD-B93B4BF0400B}"
EndProject
Global
	GlobalSection(SolutionConfigurationPlatforms) = preSolution
		Debug|Any CPU = Debug|Any CPU
		Release|Any CPU = Release|Any CPU
	EndGlobalSection
	GlobalSection(ProjectConfigurationPlatforms) = postSolution
		{7950E13B-F1B2-44E3-ACFD-B93B4BF0400B}.Debug|Any CPU.ActiveCfg = Debug|Any CPU
		{7950E13B-F1B2-44E3-ACFD-B93B4BF0400B}.Debug|Any CPU.Build.0 = Debug|Any CPU
		{7950E13B-F1B2-44E3-ACFD-B93B4BF0400B}.Release|Any CPU.ActiveCfg = Release|Any CPU
		{7950E13B-F1B2-44E3-ACFD-B93B4BF0400B}.Release|Any CPU.Build.0 = Release|Any CPU
	EndGlobalSection
	GlobalSection(SolutionProperties) = preSolution
		HideSolutionNode = FALSE
	EndGlobalSection
	GlobalSection(ExtensibilityGlobals) = postSolution
		SolutionGuid = {EDE97506-D556-46D1-BFB1-9CCEF85142E1}
	EndGlobalSection
EndGlobal
